
Microsoft Visual Studio Solution File, Format Version 12.00
# Visual Studio Version 17
VisualStudioVersion = 17.6.33723.286
MinimumVisualStudioVersion = 10.0.40219.1
Project("{FAE04EC0-301F-11D3-BF4B-00C04F79EFBC}") = "Calculadora", "Calculadora\Calculadora.csproj", "{4DEA0080-5E25-44F4-9ABF-CB4C24EE4AF7}"
EndProject
Global
	GlobalSection(SolutionConfigurationPlatforms) = preSolution
		Debug|Any CPU = Debug|Any CPU
		Release|Any CPU = Release|Any CPU
	EndGlobalSection
	GlobalSection(ProjectConfigurationPlatforms) = postSolution
		{4DEA0080-5E25-44F4-9ABF-CB4C24EE4AF7}.Debug|Any CPU.ActiveCfg = Debug|Any CPU
		{4DEA0080-5E25-44F4-9ABF-CB4C24EE4AF7}.Debug|Any CPU.Build.0 = Debug|Any CPU
		{4DEA0080-5E25-44F4-9ABF-CB4C24EE4AF7}.Release|Any CPU.ActiveCfg = Release|Any CPU
		{4DEA0080-5E25-44F4-9ABF-CB4C24EE4AF7}.Release|Any CPU.Build.0 = Release|Any CPU
	EndGlobalSection
	GlobalSection(SolutionProperties) = preSolution
		HideSolutionNode = FALSE
	EndGlobalSection
	GlobalSection(ExtensibilityGlobals) = postSolution
		SolutionGuid = {2EB3811B-7E15-4A89-A691-35EFC7A861B5}
	EndGlobalSection
EndGlobal
